
Microsoft Visual Studio Solution File, Format Version 12.00
Project("{FAE04EC0-301F-11D3-BF4B-00C04F79EFBC}") = "TridevLoader", "TridevLoader\TridevLoader.csproj", "{21A58560-A027-41AA-9EC4-65BF71A460BD}"
EndProject
Project("{FAE04EC0-301F-11D3-BF4B-00C04F79EFBC}") = "TridevPatcher", "TridevPatcher\TridevPatcher.csproj", "{27736AEC-9D7F-4977-814D-F7D7B2EA97A0}"
EndProject
Project("{FAE04EC0-301F-11D3-BF4B-00C04F79EFBC}") = "TridevPatches", "TridevPatches\TridevPatches.csproj", "{C92E20E2-EB1E-467E-87EE-F6B0564F865C}"
EndProject
Global
	GlobalSection(SolutionConfigurationPlatforms) = preSolution
		Debug|Any CPU = Debug|Any CPU
		Release|Any CPU = Release|Any CPU
	EndGlobalSection
	GlobalSection(ProjectConfigurationPlatforms) = postSolution
		{21A58560-A027-41AA-9EC4-65BF71A460BD}.Debug|Any CPU.ActiveCfg = Debug|Any CPU
		{21A58560-A027-41AA-9EC4-65BF71A460BD}.Debug|Any CPU.Build.0 = Debug|Any CPU
		{21A58560-A027-41AA-9EC4-65BF71A460BD}.Release|Any CPU.ActiveCfg = Release|Any CPU
		{21A58560-A027-41AA-9EC4-65BF71A460BD}.Release|Any CPU.Build.0 = Release|Any CPU
		{27736AEC-9D7F-4977-814D-F7D7B2EA97A0}.Debug|Any CPU.ActiveCfg = Debug|Any CPU
		{27736AEC-9D7F-4977-814D-F7D7B2EA97A0}.Debug|Any CPU.Build.0 = Debug|Any CPU
		{27736AEC-9D7F-4977-814D-F7D7B2EA97A0}.Release|Any CPU.ActiveCfg = Release|Any CPU
		{27736AEC-9D7F-4977-814D-F7D7B2EA97A0}.Release|Any CPU.Build.0 = Release|Any CPU
		{C92E20E2-EB1E-467E-87EE-F6B0564F865C}.Debug|Any CPU.ActiveCfg = Debug|Any CPU
		{C92E20E2-EB1E-467E-87EE-F6B0564F865C}.Debug|Any CPU.Build.0 = Debug|Any CPU
		{C92E20E2-EB1E-467E-87EE-F6B0564F865C}.Release|Any CPU.ActiveCfg = Release|Any CPU
		{C92E20E2-EB1E-467E-87EE-F6B0564F865C}.Release|Any CPU.Build.0 = Release|Any CPU
	EndGlobalSection
EndGlobal
